
Microsoft Visual Studio Solution File, Format Version 12.00
# Visual Studio Version 17
VisualStudioVersion = 17.6.33723.286
MinimumVisualStudioVersion = 10.0.40219.1
Project("{FAE04EC0-301F-11D3-BF4B-00C04F79EFBC}") = "api_ng_superhero", "api_ng_superhero\api_ng_superhero.csproj", "{07BCF903-6789-49B1-AA59-D32286BEF2C5}"
EndProject
Global
	GlobalSection(SolutionConfigurationPlatforms) = preSolution
		Debug|Any CPU = Debug|Any CPU
		Release|Any CPU = Release|Any CPU
	EndGlobalSection
	GlobalSection(ProjectConfigurationPlatforms) = postSolution
		{07BCF903-6789-49B1-AA59-D32286BEF2C5}.Debug|Any CPU.ActiveCfg = Debug|Any CPU
		{07BCF903-6789-49B1-AA59-D32286BEF2C5}.Debug|Any CPU.Build.0 = Debug|Any CPU
		{07BCF903-6789-49B1-AA59-D32286BEF2C5}.Release|Any CPU.ActiveCfg = Release|Any CPU
		{07BCF903-6789-49B1-AA59-D32286BEF2C5}.Release|Any CPU.Build.0 = Release|Any CPU
	EndGlobalSection
	GlobalSection(SolutionProperties) = preSolution
		HideSolutionNode = FALSE
	EndGlobalSection
	GlobalSection(ExtensibilityGlobals) = postSolution
		SolutionGuid = {0248A40D-3744-46A1-A11B-66F088386EA7}
	EndGlobalSection
EndGlobal
